
Microsoft Visual Studio Solution File, Format Version 12.00
# Visual Studio Version 17
VisualStudioVersion = 17.9.34526.213
MinimumVisualStudioVersion = 10.0.40219.1
Project("{9A19103F-16F7-4668-BE54-9A1E7A4F7556}") = "GameStore.Api", "GameStore.Api\GameStore.Api.csproj", "{317F7F46-9F16-487A-A615-8B5D9DEAFD16}"
EndProject
Project("{9A19103F-16F7-4668-BE54-9A1E7A4F7556}") = "GameStore.Web", "GameStore.Web\GameStore.Web.csproj", "{B9CBAA5B-7711-4CDA-A9FB-436957226858}"
EndProject
Global
	GlobalSection(SolutionConfigurationPlatforms) = preSolution
		Debug|Any CPU = Debug|Any CPU
		Release|Any CPU = Release|Any CPU
	EndGlobalSection
	GlobalSection(ProjectConfigurationPlatforms) = postSolution
		{317F7F46-9F16-487A-A615-8B5D9DEAFD16}.Debug|Any CPU.ActiveCfg = Debug|Any CPU
		{317F7F46-9F16-487A-A615-8B5D9DEAFD16}.Debug|Any CPU.Build.0 = Debug|Any CPU
		{317F7F46-9F16-487A-A615-8B5D9DEAFD16}.Release|Any CPU.ActiveCfg = Release|Any CPU
		{317F7F46-9F16-487A-A615-8B5D9DEAFD16}.Release|Any CPU.Build.0 = Release|Any CPU
		{B9CBAA5B-7711-4CDA-A9FB-436957226858}.Debug|Any CPU.ActiveCfg = Debug|Any CPU
		{B9CBAA5B-7711-4CDA-A9FB-436957226858}.Debug|Any CPU.Build.0 = Debug|Any CPU
		{B9CBAA5B-7711-4CDA-A9FB-436957226858}.Release|Any CPU.ActiveCfg = Release|Any CPU
		{B9CBAA5B-7711-4CDA-A9FB-436957226858}.Release|Any CPU.Build.0 = Release|Any CPU
	EndGlobalSection
	GlobalSection(SolutionProperties) = preSolution
		HideSolutionNode = FALSE
	EndGlobalSection
	GlobalSection(ExtensibilityGlobals) = postSolution
		SolutionGuid = {E9043516-B1F6-479C-8E92-3967F96252E2}
	EndGlobalSection
EndGlobal
